
Microsoft Visual Studio Solution File, Format Version 12.00
# Visual Studio Version 17
VisualStudioVersion = 17.3.32922.545
MinimumVisualStudioVersion = 10.0.40219.1
Project("{FAE04EC0-301F-11D3-BF4B-00C04F79EFBC}") = "MinimalAPI-newOn7.0.cs", "MinimalAPI-newOn7.0.cs\MinimalAPI-newOn7.0.cs.csproj", "{04FA1BAE-260D-4B6A-B59B-66A10ACCEA3F}"
EndProject
Global
	GlobalSection(SolutionConfigurationPlatforms) = preSolution
		Debug|Any CPU = Debug|Any CPU
		Release|Any CPU = Release|Any CPU
	EndGlobalSection
	GlobalSection(ProjectConfigurationPlatforms) = postSolution
		{04FA1BAE-260D-4B6A-B59B-66A10ACCEA3F}.Debug|Any CPU.ActiveCfg = Debug|Any CPU
		{04FA1BAE-260D-4B6A-B59B-66A10ACCEA3F}.Debug|Any CPU.Build.0 = Debug|Any CPU
		{04FA1BAE-260D-4B6A-B59B-66A10ACCEA3F}.Release|Any CPU.ActiveCfg = Release|Any CPU
		{04FA1BAE-260D-4B6A-B59B-66A10ACCEA3F}.Release|Any CPU.Build.0 = Release|Any CPU
	EndGlobalSection
	GlobalSection(SolutionProperties) = preSolution
		HideSolutionNode = FALSE
	EndGlobalSection
	GlobalSection(ExtensibilityGlobals) = postSolution
		SolutionGuid = {92519165-AD5B-4AAF-A744-5BBB0565C4C1}
	EndGlobalSection
EndGlobal
